// !$*UTF8*$!
{
	archiveVersion = 1;
	classes = {
	};
	objectVersion = 48;
	objects = {

/* Begin PBXBuildFile section */
		920226972032453900D8A56E /* ProfileTableViewCell.swift in Sources */ = {isa = PBXBuildFile; fileRef = 920226962032453900D8A56E /* ProfileTableViewCell.swift */; };
		92D1E3872025182200B62E20 /* Profile+CoreDataClass.swift in Sources */ = {isa = PBXBuildFile; fileRef = 92D1E3852025182200B62E20 /* Profile+CoreDataClass.swift */; };
		92D1E3882025182200B62E20 /* Profile+CoreDataProperties.swift in Sources */ = {isa = PBXBuildFile; fileRef = 92D1E3862025182200B62E20 /* Profile+CoreDataProperties.swift */; };
		92D1E38A2025193800B62E20 /* CoreDataStack.swift in Sources */ = {isa = PBXBuildFile; fileRef = 92D1E3892025193800B62E20 /* CoreDataStack.swift */; };
		92F5DDEA20250A34004F98D9 /* AppDelegate.swift in Sources */ = {isa = PBXBuildFile; fileRef = 92F5DDE920250A34004F98D9 /* AppDelegate.swift */; };
		92F5DDEF20250A34004F98D9 /* Main.storyboard in Resources */ = {isa = PBXBuildFile; fileRef = 92F5DDED20250A34004F98D9 /* Main.storyboard */; };
		92F5DDF120250A34004F98D9 /* Assets.xcassets in Resources */ = {isa = PBXBuildFile; fileRef = 92F5DDF020250A34004F98D9 /* Assets.xcassets */; };
		92F5DDF420250A34004F98D9 /* LaunchScreen.storyboard in Resources */ = {isa = PBXBuildFile; fileRef = 92F5DDF220250A34004F98D9 /* LaunchScreen.storyboard */; };
		92F5DE0320250B89004F98D9 /* ProfileListViewController.swift in Sources */ = {isa = PBXBuildFile; fileRef = 92F5DE0220250B89004F98D9 /* ProfileListViewController.swift */; };
		92F5DE0520250B9A004F98D9 /* DetailedProfileViewController.swift in Sources */ = {isa = PBXBuildFile; fileRef = 92F5DE0420250B9A004F98D9 /* DetailedProfileViewController.swift */; };
		92F5DE0820250BFC004F98D9 /* LDS Coding Assignment.xcdatamodeld in Sources */ = {isa = PBXBuildFile; fileRef = 92F5DE0620250BFC004F98D9 /* LDS Coding Assignment.xcdatamodeld */; };
		92F5DE0A20250D15004F98D9 /* ProfileController.swift in Sources */ = {isa = PBXBuildFile; fileRef = 92F5DE0920250D15004F98D9 /* ProfileController.swift */; };
		92F5DE0C20250E96004F98D9 /* Keys.swift in Sources */ = {isa = PBXBuildFile; fileRef = 92F5DE0B20250E96004F98D9 /* Keys.swift */; };
/* End PBXBuildFile section */

/* Begin PBXFileReference section */
		920226962032453900D8A56E /* ProfileTableViewCell.swift */ = {isa = PBXFileReference; lastKnownFileType = sourcecode.swift; path = ProfileTableViewCell.swift; sourceTree = "<group>"; };
		92D1E3852025182200B62E20 /* Profile+CoreDataClass.swift */ = {isa = PBXFileReference; lastKnownFileType = sourcecode.swift; path = "Profile+CoreDataClass.swift"; sourceTree = "<group>"; };
		92D1E3862025182200B62E20 /* Profile+CoreDataProperties.swift */ = {isa = PBXFileReference; lastKnownFileType = sourcecode.swift; path = "Profile+CoreDataProperties.swift"; sourceTree = "<group>"; };
		92D1E3892025193800B62E20 /* CoreDataStack.swift */ = {isa = PBXFileReference; lastKnownFileType = sourcecode.swift; path = CoreDataStack.swift; sourceTree = "<group>"; };
		92F5DDE620250A34004F98D9 /* LDS Coding Assignment.app */ = {isa = PBXFileReference; explicitFileType = wrapper.application; includeInIndex = 0; path = "LDS Coding Assignment.app"; sourceTree = BUILT_PRODUCTS_DIR; };
		92F5DDE920250A34004F98D9 /* AppDelegate.swift */ = {isa = PBXFileReference; lastKnownFileType = sourcecode.swift; path = AppDelegate.swift; sourceTree = "<group>"; };
		92F5DDEE20250A34004F98D9 /* Base */ = {isa = PBXFileReference; lastKnownFileType = file.storyboard; name = Base; path = Base.lproj/Main.storyboard; sourceTree = "<group>"; };
		92F5DDF020250A34004F98D9 /* Assets.xcassets */ = {isa = PBXFileReference; lastKnownFileType = folder.assetcatalog; path = Assets.xcassets; sourceTree = "<group>"; };
		92F5DDF320250A34004F98D9 /* Base */ = {isa = PBXFileReference; lastKnownFileType = file.storyboard; name = Base; path = Base.lproj/LaunchScreen.storyboard; sourceTree = "<group>"; };
		92F5DDF520250A34004F98D9 /* Info.plist */ = {isa = PBXFileReference; lastKnownFileType = text.plist.xml; path = Info.plist; sourceTree = "<group>"; };
		92F5DE0220250B89004F98D9 /* ProfileListViewController.swift */ = {isa = PBXFileReference; lastKnownFileType = sourcecode.swift; path = ProfileListViewController.swift; sourceTree = "<group>"; };
		92F5DE0420250B9A004F98D9 /* DetailedProfileViewController.swift */ = {isa = PBXFileReference; lastKnownFileType = sourcecode.swift; path = DetailedProfileViewController.swift; sourceTree = "<group>"; };
		92F5DE0720250BFC004F98D9 /* LDS Coding Assignment.xcdatamodel */ = {isa = PBXFileReference; lastKnownFileType = wrapper.xcdatamodel; path = "LDS Coding Assignment.xcdatamodel"; sourceTree = "<group>"; };
		92F5DE0920250D15004F98D9 /* ProfileController.swift */ = {isa = PBXFileReference; lastKnownFileType = sourcecode.swift; path = ProfileController.swift; sourceTree = "<group>"; };
		92F5DE0B20250E96004F98D9 /* Keys.swift */ = {isa = PBXFileReference; lastKnownFileType = sourcecode.swift; path = Keys.swift; sourceTree = "<group>"; };
/* End PBXFileReference section */

/* Begin PBXFrameworksBuildPhase section */
		92F5DDE320250A34004F98D9 /* Frameworks */ = {
			isa = PBXFrameworksBuildPhase;
			buildActionMask = 2147483647;
			files = (
			);
			runOnlyForDeploymentPostprocessing = 0;
		};
/* End PBXFrameworksBuildPhase section */

/* Begin PBXGroup section */
		92F5DDDD20250A34004F98D9 = {
			isa = PBXGroup;
			children = (
				92F5DDE820250A34004F98D9 /* LDS Coding Assignment */,
				92F5DDE720250A34004F98D9 /* Products */,
			);
			sourceTree = "<group>";
		};
		92F5DDE720250A34004F98D9 /* Products */ = {
			isa = PBXGroup;
			children = (
				92F5DDE620250A34004F98D9 /* LDS Coding Assignment.app */,
			);
			name = Products;
			sourceTree = "<group>";
		};
		92F5DDE820250A34004F98D9 /* LDS Coding Assignment */ = {
			isa = PBXGroup;
			children = (
				92F5DE0020250A6B004F98D9 /* Helper */,
				92F5DDFF20250A65004F98D9 /* Models */,
				92F5DDFE20250A60004F98D9 /* Model Controllers */,
				92F5DDFD20250A53004F98D9 /* View Controllers */,
				92F5DDFC20250A50004F98D9 /* Views */,
				92F5DE0120250A9D004F98D9 /* StoryBoards */,
				92F5DDFB20250A4D004F98D9 /* Resources */,
				92F5DDF520250A34004F98D9 /* Info.plist */,
			);
			path = "LDS Coding Assignment";
			sourceTree = "<group>";
		};
		92F5DDFB20250A4D004F98D9 /* Resources */ = {
			isa = PBXGroup;
			children = (
				92F5DDF020250A34004F98D9 /* Assets.xcassets */,
				92F5DDE920250A34004F98D9 /* AppDelegate.swift */,
			);
			path = Resources;
			sourceTree = "<group>";
		};
		92F5DDFC20250A50004F98D9 /* Views */ = {
			isa = PBXGroup;
			children = (
				920226962032453900D8A56E /* ProfileTableViewCell.swift */,
			);
			path = Views;
			sourceTree = "<group>";
		};
		92F5DDFD20250A53004F98D9 /* View Controllers */ = {
			isa = PBXGroup;
			children = (
				92F5DE0220250B89004F98D9 /* ProfileListViewController.swift */,
				92F5DE0420250B9A004F98D9 /* DetailedProfileViewController.swift */,
			);
			path = "View Controllers";
			sourceTree = "<group>";
		};
		92F5DDFE20250A60004F98D9 /* Model Controllers */ = {
			isa = PBXGroup;
			children = (
				92F5DE0920250D15004F98D9 /* ProfileController.swift */,
			);
			path = "Model Controllers";
			sourceTree = "<group>";
		};
		92F5DDFF20250A65004F98D9 /* Models */ = {
			isa = PBXGroup;
			children = (
				92F5DE0620250BFC004F98D9 /* LDS Coding Assignment.xcdatamodeld */,
				92D1E3852025182200B62E20 /* Profile+CoreDataClass.swift */,
				92D1E3862025182200B62E20 /* Profile+CoreDataProperties.swift */,
			);
			path = Models;
			sourceTree = "<group>";
		};
		92F5DE0020250A6B004F98D9 /* Helper */ = {
			isa = PBXGroup;
			children = (
				92F5DE0B20250E96004F98D9 /* Keys.swift */,
				92D1E3892025193800B62E20 /* CoreDataStack.swift */,
			);
			path = Helper;
			sourceTree = "<group>";
		};
		92F5DE0120250A9D004F98D9 /* StoryBoards */ = {
			isa = PBXGroup;
			children = (
				92F5DDED20250A34004F98D9 /* Main.storyboard */,
				92F5DDF220250A34004F98D9 /* LaunchScreen.storyboard */,
			);
			path = StoryBoards;
			sourceTree = "<group>";
		};
/* End PBXGroup section */

/* Begin PBXNativeTarget section */
		92F5DDE520250A34004F98D9 /* LDS Coding Assignment */ = {
			isa = PBXNativeTarget;
			buildConfigurationList = 92F5DDF820250A34004F98D9 /* Build configuration list for PBXNativeTarget "LDS Coding Assignment" */;
			buildPhases = (
				92F5DDE220250A34004F98D9 /* Sources */,
				92F5DDE320250A34004F98D9 /* Frameworks */,
				92F5DDE420250A34004F98D9 /* Resources */,
			);
			buildRules = (
			);
			dependencies = (
			);
			name = "LDS Coding Assignment";
			productName = "LDS Coding Assignment";
			productReference = 92F5DDE620250A34004F98D9 /* LDS Coding Assignment.app */;
			productType = "com.apple.product-type.application";
		};
/* End PBXNativeTarget section */

/* Begin PBXProject section */
		92F5DDDE20250A34004F98D9 /* Project object */ = {
			isa = PBXProject;
			attributes = {
				LastSwiftUpdateCheck = 0920;
				LastUpgradeCheck = 0920;
				ORGANIZATIONNAME = "Michael Meyers";
				TargetAttributes = {
					92F5DDE520250A34004F98D9 = {
						CreatedOnToolsVersion = 9.2;
						ProvisioningStyle = Automatic;
					};
				};
			};
			buildConfigurationList = 92F5DDE120250A34004F98D9 /* Build configuration list for PBXProject "LDS Coding Assignment" */;
			compatibilityVersion = "Xcode 8.0";
			developmentRegion = en;
			hasScannedForEncodings = 0;
			knownRegions = (
				en,
				Base,
			);
			mainGroup = 92F5DDDD20250A34004F98D9;
			productRefGroup = 92F5DDE720250A34004F98D9 /* Products */;
			projectDirPath = "";
			projectRoot = "";
			targets = (
				92F5DDE520250A34004F98D9 /* LDS Coding Assignment */,
			);
		};
/* End PBXProject section */

/* Begin PBXResourcesBuildPhase section */
		92F5DDE420250A34004F98D9 /* Resources */ = {
			isa = PBXResourcesBuildPhase;
			buildActionMask = 2147483647;
			files = (
				92F5DDF420250A34004F98D9 /* LaunchScreen.storyboard in Resources */,
				92F5DDF120250A34004F98D9 /* Assets.xcassets in Resources */,
				92F5DDEF20250A34004F98D9 /* Main.storyboard in Resources */,
			);
			runOnlyForDeploymentPostprocessing = 0;
		};
/* End PBXResourcesBuildPhase section */

/* Begin PBXSourcesBuildPhase section */
		92F5DDE220250A34004F98D9 /* Sources */ = {
			isa = PBXSourcesBuildPhase;
			buildActionMask = 2147483647;
			files = (
				92F5DE0A20250D15004F98D9 /* ProfileController.swift in Sources */,
				92F5DE0C20250E96004F98D9 /* Keys.swift in Sources */,
				92D1E3872025182200B62E20 /* Profile+CoreDataClass.swift in Sources */,
				920226972032453900D8A56E /* ProfileTableViewCell.swift in Sources */,
				92D1E38A2025193800B62E20 /* CoreDataStack.swift in Sources */,
				92F5DE0320250B89004F98D9 /* ProfileListViewController.swift in Sources */,
				92F5DDEA20250A34004F98D9 /* AppDelegate.swift in Sources */,
				92F5DE0820250BFC004F98D9 /* LDS Coding Assignment.xcdatamodeld in Sources */,
				92D1E3882025182200B62E20 /* Profile+CoreDataProperties.swift in Sources */,
				92F5DE0520250B9A004F98D9 /* DetailedProfileViewController.swift in Sources */,
			);
			runOnlyForDeploymentPostprocessing = 0;
		};
/* End PBXSourcesBuildPhase section */

/* Begin PBXVariantGroup section */
		92F5DDED20250A34004F98D9 /* Main.storyboard */ = {
			isa = PBXVariantGroup;
			children = (
				92F5DDEE20250A34004F98D9 /* Base */,
			);
			name = Main.storyboard;
			sourceTree = "<group>";
		};
		92F5DDF220250A34004F98D9 /* LaunchScreen.storyboard */ = {
			isa = PBXVariantGroup;
			children = (
				92F5DDF320250A34004F98D9 /* Base */,
			);
			name = LaunchScreen.storyboard;
			sourceTree = "<group>";
		};
/* End PBXVariantGroup section */

/* Begin XCBuildConfiguration section */
		92F5DDF620250A34004F98D9 /* Debug */ = {
			isa = XCBuildConfiguration;
			buildSettings = {
				ALWAYS_SEARCH_USER_PATHS = NO;
				CLANG_ANALYZER_NONNULL = YES;
				CLANG_ANALYZER_NUMBER_OBJECT_CONVERSION = YES_AGGRESSIVE;
				CLANG_CXX_LANGUAGE_STANDARD = "gnu++14";
				CLANG_CXX_LIBRARY = "libc++";
				CLANG_ENABLE_MODULES = YES;
				CLANG_ENABLE_OBJC_ARC = YES;
				CLANG_WARN_BLOCK_CAPTURE_AUTORELEASING = YES;
				CLANG_WARN_BOOL_CONVERSION = YES;
				CLANG_WARN_COMMA = YES;
				CLANG_WARN_CONSTANT_CONVERSION = YES;
				CLANG_WARN_DIRECT_OBJC_ISA_USAGE = YES_ERROR;
				CLANG_WARN_DOCUMENTATION_COMMENTS = YES;
				CLANG_WARN_EMPTY_BODY = YES;
				CLANG_WARN_ENUM_CONVERSION = YES;
				CLANG_WARN_INFINITE_RECURSION = YES;
				CLANG_WARN_INT_CONVERSION = YES;
				CLANG_WARN_NON_LITERAL_NULL_CONVERSION = YES;
				CLANG_WARN_OBJC_LITERAL_CONVERSION = YES;
				CLANG_WARN_OBJC_ROOT_CLASS = YES_ERROR;
				CLANG_WARN_RANGE_LOOP_ANALYSIS = YES;
				CLANG_WARN_STRICT_PROTOTYPES = YES;
				CLANG_WARN_SUSPICIOUS_MOVE = YES;
				CLANG_WARN_UNGUARDED_AVAILABILITY = YES_AGGRESSIVE;
				CLANG_WARN_UNREACHABLE_CODE = YES;
				CLANG_WARN__DUPLICATE_METHOD_MATCH = YES;
				CODE_SIGN_IDENTITY = "iPhone Developer";
				COPY_PHASE_STRIP = NO;
				DEBUG_INFORMATION_FORMAT = dwarf;
				ENABLE_STRICT_OBJC_MSGSEND = YES;
				ENABLE_TESTABILITY = YES;
				GCC_C_LANGUAGE_STANDARD = gnu11;
				GCC_DYNAMIC_NO_PIC = NO;
				GCC_NO_COMMON_BLOCKS = YES;
				GCC_OPTIMIZATION_LEVEL = 0;
				GCC_PREPROCESSOR_DEFINITIONS = (
					"DEBUG=1",
					"$(inherited)",
				);
				GCC_WARN_64_TO_32_BIT_CONVERSION = YES;
				GCC_WARN_ABOUT_RETURN_TYPE = YES_ERROR;
				GCC_WARN_UNDECLARED_SELECTOR = YES;
				GCC_WARN_UNINITIALIZED_AUTOS = YES_AGGRESSIVE;
				GCC_WARN_UNUSED_FUNCTION = YES;
				GCC_WARN_UNUSED_VARIABLE = YES;
				IPHONEOS_DEPLOYMENT_TARGET = 11.2;
				MTL_ENABLE_DEBUG_INFO = YES;
				ONLY_ACTIVE_ARCH = YES;
				SDKROOT = iphoneos;
				SWIFT_ACTIVE_COMPILATION_CONDITIONS = DEBUG;
				SWIFT_OPTIMIZATION_LEVEL = "-Onone";
			};
			name = Debug;
		};
		92F5DDF720250A34004F98D9 /* Release */ = {
			isa = XCBuildConfiguration;
			buildSettings = {
				ALWAYS_SEARCH_USER_PATHS = NO;
				CLANG_ANALYZER_NONNULL = YES;
				CLANG_ANALYZER_NUMBER_OBJECT_CONVERSION = YES_AGGRESSIVE;
				CLANG_CXX_LANGUAGE_STANDARD = "gnu++14";
				CLANG_CXX_LIBRARY = "libc++";
				CLANG_ENABLE_MODULES = YES;
				CLANG_ENABLE_OBJC_ARC = YES;
				CLANG_WARN_BLOCK_CAPTURE_AUTORELEASING = YES;
				CLANG_WARN_BOOL_CONVERSION = YES;
				CLANG_WARN_COMMA = YES;
				CLANG_WARN_CONSTANT_CONVERSION = YES;
				CLANG_WARN_DIRECT_OBJC_ISA_USAGE = YES_ERROR;
				CLANG_WARN_DOCUMENTATION_COMMENTS = YES;
				CLANG_WARN_EMPTY_BODY = YES;
				CLANG_WARN_ENUM_CONVERSION = YES;
				CLANG_WARN_INFINITE_RECURSION = YES;
				CLANG_WARN_INT_CONVERSION = YES;
				CLANG_WARN_NON_LITERAL_NULL_CONVERSION = YES;
				CLANG_WARN_OBJC_LITERAL_CONVERSION = YES;
				CLANG_WARN_OBJC_ROOT_CLASS = YES_ERROR;
				CLANG_WARN_RANGE_LOOP_ANALYSIS = YES;
				CLANG_WARN_STRICT_PROTOTYPES = YES;
				CLANG_WARN_SUSPICIOUS_MOVE = YES;
				CLANG_WARN_UNGUARDED_AVAILABILITY = YES_AGGRESSIVE;
				CLANG_WARN_UNREACHABLE_CODE = YES;
				CLANG_WARN__DUPLICATE_METHOD_MATCH = YES;
				CODE_SIGN_IDENTITY = "iPhone Developer";
				COPY_PHASE_STRIP = NO;
				DEBUG_INFORMATION_FORMAT = "dwarf-with-dsym";
				ENABLE_NS_ASSERTIONS = NO;
				ENABLE_STRICT_OBJC_MSGSEND = YES;
				GCC_C_LANGUAGE_STANDARD = gnu11;
				GCC_NO_COMMON_BLOCKS = YES;
				GCC_WARN_64_TO_32_BIT_CONVERSION = YES;
				GCC_WARN_ABOUT_RETURN_TYPE = YES_ERROR;
				GCC_WARN_UNDECLARED_SELECTOR = YES;
				GCC_WARN_UNINITIALIZED_AUTOS = YES_AGGRESSIVE;
				GCC_WARN_UNUSED_FUNCTION = YES;
				GCC_WARN_UNUSED_VARIABLE = YES;
				IPHONEOS_DEPLOYMENT_TARGET = 11.2;
				MTL_ENABLE_DEBUG_INFO = NO;
				SDKROOT = iphoneos;
				SWIFT_OPTIMIZATION_LEVEL = "-Owholemodule";
				VALIDATE_PRODUCT = YES;
			};
			name = Release;
		};
		92F5DDF920250A34004F98D9 /* Debug */ = {
			isa = XCBuildConfiguration;
			buildSettings = {
				ASSETCATALOG_COMPILER_APPICON_NAME = AppIcon;
				CODE_SIGN_STYLE = Automatic;
				DEVELOPMENT_TEAM = 8DW5AUV6DX;
				INFOPLIST_FILE = "LDS Coding Assignment/Info.plist";
				LD_RUNPATH_SEARCH_PATHS = "$(inherited) @executable_path/Frameworks";
				PRODUCT_BUNDLE_IDENTIFIER = "com.MichaelMeyers.LDS-Coding-Assignment";
				PRODUCT_NAME = "$(TARGET_NAME)";
				SWIFT_VERSION = 4.0;
				TARGETED_DEVICE_FAMILY = "1,2";
			};
			name = Debug;
		};
		92F5DDFA20250A34004F98D9 /* Release */ = {
			isa = XCBuildConfiguration;
			buildSettings = {
				ASSETCATALOG_COMPILER_APPICON_NAME = AppIcon;
				CODE_SIGN_STYLE = Automatic;
				DEVELOPMENT_TEAM = 8DW5AUV6DX;
				INFOPLIST_FILE = "LDS Coding Assignment/Info.plist";
				LD_RUNPATH_SEARCH_PATHS = "$(inherited) @executable_path/Frameworks";
				PRODUCT_BUNDLE_IDENTIFIER = "com.MichaelMeyers.LDS-Coding-Assignment";
				PRODUCT_NAME = "$(TARGET_NAME)";
				SWIFT_VERSION = 4.0;
				TARGETED_DEVICE_FAMILY = "1,2";
			};
			name = Release;
		};
/* End XCBuildConfiguration section */

/* Begin XCConfigurationList section */
		92F5DDE120250A34004F98D9 /* Build configuration list for PBXProject "LDS Coding Assignment" */ = {
			isa = XCConfigurationList;
			buildConfigurations = (
				92F5DDF620250A34004F98D9 /* Debug */,
				92F5DDF720250A34004F98D9 /* Release */,
			);
			defaultConfigurationIsVisible = 0;
			defaultConfigurationName = Release;
		};
		92F5DDF820250A34004F98D9 /* Build configuration list for PBXNativeTarget "LDS Coding Assignment" */ = {
			isa = XCConfigurationList;
			buildConfigurations = (
				92F5DDF920250A34004F98D9 /* Debug */,
				92F5DDFA20250A34004F98D9 /* Release */,
			);
			defaultConfigurationIsVisible = 0;
			defaultConfigurationName = Release;
		};
/* End XCConfigurationList section */

/* Begin XCVersionGroup section */
		92F5DE0620250BFC004F98D9 /* LDS Coding Assignment.xcdatamodeld */ = {
			isa = XCVersionGroup;
			children = (
				92F5DE0720250BFC004F98D9 /* LDS Coding Assignment.xcdatamodel */,
			);
			currentVersion = 92F5DE0720250BFC004F98D9 /* LDS Coding Assignment.xcdatamodel */;
			path = "LDS Coding Assignment.xcdatamodeld";
			sourceTree = "<group>";
			versionGroupType = wrapper.xcdatamodel;
		};
/* End XCVersionGroup section */
	};
	rootObject = 92F5DDDE20250A34004F98D9 /* Project object */;
}
